
Microsoft Visual Studio Solution File, Format Version 12.00
# Visual Studio Version 17
VisualStudioVersion = 17.10.35122.118
MinimumVisualStudioVersion = 10.0.40219.1
Project("{FAE04EC0-301F-11D3-BF4B-00C04F79EFBC}") = "ITextSharpDemo", "ITextSharpDemo\ITextSharpDemo.csproj", "{0A019C29-ADFD-4A0D-BC79-88616D1C4D99}"
EndProject
Global
	GlobalSection(SolutionConfigurationPlatforms) = preSolution
		Debug|Any CPU = Debug|Any CPU
		Release|Any CPU = Release|Any CPU
	EndGlobalSection
	GlobalSection(ProjectConfigurationPlatforms) = postSolution
		{0A019C29-ADFD-4A0D-BC79-88616D1C4D99}.Debug|Any CPU.ActiveCfg = Debug|Any CPU
		{0A019C29-ADFD-4A0D-BC79-88616D1C4D99}.Debug|Any CPU.Build.0 = Debug|Any CPU
		{0A019C29-ADFD-4A0D-BC79-88616D1C4D99}.Release|Any CPU.ActiveCfg = Release|Any CPU
		{0A019C29-ADFD-4A0D-BC79-88616D1C4D99}.Release|Any CPU.Build.0 = Release|Any CPU
	EndGlobalSection
	GlobalSection(SolutionProperties) = preSolution
		HideSolutionNode = FALSE
	EndGlobalSection
	GlobalSection(ExtensibilityGlobals) = postSolution
		SolutionGuid = {2F7599F1-5084-4607-9CDB-A6A21609EEBC}
	EndGlobalSection
EndGlobal
